// !$*UTF8*$!
{
	archiveVersion = 1;
	classes = {
	};
	objectVersion = 46;
	objects = {

/* Begin PBXBuildFile section */
		EE78433F19F1E54200C73A4E /* main.m in Sources */ = {isa = PBXBuildFile; fileRef = EE78433E19F1E54200C73A4E /* main.m */; };
		EE78434219F1E54200C73A4E /* AppDelegate.m in Sources */ = {isa = PBXBuildFile; fileRef = EE78434119F1E54200C73A4E /* AppDelegate.m */; };
		EE78434819F1E54200C73A4E /* Main.storyboard in Resources */ = {isa = PBXBuildFile; fileRef = EE78434619F1E54200C73A4E /* Main.storyboard */; };
		EE78434A19F1E54200C73A4E /* Images.xcassets in Resources */ = {isa = PBXBuildFile; fileRef = EE78434919F1E54200C73A4E /* Images.xcassets */; };
		EE78434D19F1E54200C73A4E /* LaunchScreen.xib in Resources */ = {isa = PBXBuildFile; fileRef = EE78434B19F1E54200C73A4E /* LaunchScreen.xib */; };
		EE78435919F1E54200C73A4E /* t3_mob_uagTests.m in Sources */ = {isa = PBXBuildFile; fileRef = EE78435819F1E54200C73A4E /* t3_mob_uagTests.m */; };
		EE78436B19F1EFB200C73A4E /* table@2x.png in Resources */ = {isa = PBXBuildFile; fileRef = EE78436A19F1EFB200C73A4E /* table@2x.png */; };
		EE78436D19F1F08600C73A4E /* calendar@2x.png in Resources */ = {isa = PBXBuildFile; fileRef = EE78436C19F1F08600C73A4E /* calendar@2x.png */; };
		EE78436F19F1F19B00C73A4E /* todo@2x.png in Resources */ = {isa = PBXBuildFile; fileRef = EE78436E19F1F19B00C73A4E /* todo@2x.png */; };
		EE78437219F1F29500C73A4E /* TableViewCell1.m in Sources */ = {isa = PBXBuildFile; fileRef = EE78437119F1F29500C73A4E /* TableViewCell1.m */; };
		EE78437519F1F2F700C73A4E /* ViewControllerTable.m in Sources */ = {isa = PBXBuildFile; fileRef = EE78437419F1F2F700C73A4E /* ViewControllerTable.m */; };
		EE78437919F1F77800C73A4E /* share.png in Resources */ = {isa = PBXBuildFile; fileRef = EE78437819F1F77800C73A4E /* share.png */; };
		EE78437B19F1F84300C73A4E /* share30.png in Resources */ = {isa = PBXBuildFile; fileRef = EE78437A19F1F84300C73A4E /* share30.png */; };
		EE78437D19F2074000C73A4E /* dwarves.jpg in Resources */ = {isa = PBXBuildFile; fileRef = EE78437C19F2074000C73A4E /* dwarves.jpg */; };
		EEF9E8D619F22D7F00A09C7D /* Thorin.jpeg in Resources */ = {isa = PBXBuildFile; fileRef = EEF9E8C919F22D7F00A09C7D /* Thorin.jpeg */; };
		EEF9E8D719F22D7F00A09C7D /* Gloin.jpeg in Resources */ = {isa = PBXBuildFile; fileRef = EEF9E8CA19F22D7F00A09C7D /* Gloin.jpeg */; };
		EEF9E8D819F22D7F00A09C7D /* Bombur.jpeg in Resources */ = {isa = PBXBuildFile; fileRef = EEF9E8CB19F22D7F00A09C7D /* Bombur.jpeg */; };
		EEF9E8D919F22D7F00A09C7D /* Bofur.jpeg in Resources */ = {isa = PBXBuildFile; fileRef = EEF9E8CC19F22D7F00A09C7D /* Bofur.jpeg */; };
		EEF9E8DA19F22D7F00A09C7D /* Bifur.jpeg in Resources */ = {isa = PBXBuildFile; fileRef = EEF9E8CD19F22D7F00A09C7D /* Bifur.jpeg */; };
		EEF9E8DB19F22D7F00A09C7D /* Nori.jpeg in Resources */ = {isa = PBXBuildFile; fileRef = EEF9E8CE19F22D7F00A09C7D /* Nori.jpeg */; };
		EEF9E8DC19F22D7F00A09C7D /* Dori.jpeg in Resources */ = {isa = PBXBuildFile; fileRef = EEF9E8CF19F22D7F00A09C7D /* Dori.jpeg */; };
		EEF9E8DD19F22D7F00A09C7D /* Ori.jpeg in Resources */ = {isa = PBXBuildFile; fileRef = EEF9E8D019F22D7F00A09C7D /* Ori.jpeg */; };
		EEF9E8DE19F22D7F00A09C7D /* Oin.jpeg in Resources */ = {isa = PBXBuildFile; fileRef = EEF9E8D119F22D7F00A09C7D /* Oin.jpeg */; };
		EEF9E8DF19F22D7F00A09C7D /* Dwalin.jpeg in Resources */ = {isa = PBXBuildFile; fileRef = EEF9E8D219F22D7F00A09C7D /* Dwalin.jpeg */; };
		EEF9E8E019F22D7F00A09C7D /* Balin.jpeg in Resources */ = {isa = PBXBuildFile; fileRef = EEF9E8D319F22D7F00A09C7D /* Balin.jpeg */; };
		EEF9E8E119F22D7F00A09C7D /* Kili.jpeg in Resources */ = {isa = PBXBuildFile; fileRef = EEF9E8D419F22D7F00A09C7D /* Kili.jpeg */; };
		EEF9E8E219F22D7F00A09C7D /* Fili.jpeg in Resources */ = {isa = PBXBuildFile; fileRef = EEF9E8D519F22D7F00A09C7D /* Fili.jpeg */; };
		EEF9E8E519F233E300A09C7D /* PickerViewController.m in Sources */ = {isa = PBXBuildFile; fileRef = EEF9E8E419F233E300A09C7D /* PickerViewController.m */; };
		EEF9E8E719F237E500A09C7D /* see.png in Resources */ = {isa = PBXBuildFile; fileRef = EEF9E8E619F237E500A09C7D /* see.png */; };
		EEF9E8E919F241AD00A09C7D /* avion.jpg in Resources */ = {isa = PBXBuildFile; fileRef = EEF9E8E819F241AD00A09C7D /* avion.jpg */; };
		EEF9E8EC19F243EF00A09C7D /* DatePickerViewController.m in Sources */ = {isa = PBXBuildFile; fileRef = EEF9E8EB19F243EF00A09C7D /* DatePickerViewController.m */; };
/* End PBXBuildFile section */

/* Begin PBXContainerItemProxy section */
		EE78435319F1E54200C73A4E /* PBXContainerItemProxy */ = {
			isa = PBXContainerItemProxy;
			containerPortal = EE78433119F1E54200C73A4E /* Project object */;
			proxyType = 1;
			remoteGlobalIDString = EE78433819F1E54200C73A4E;
			remoteInfo = t3_mob_uag;
		};
/* End PBXContainerItemProxy section */

/* Begin PBXFileReference section */
		EE78433919F1E54200C73A4E /* t3_mob_uag.app */ = {isa = PBXFileReference; explicitFileType = wrapper.application; includeInIndex = 0; path = t3_mob_uag.app; sourceTree = BUILT_PRODUCTS_DIR; };
		EE78433D19F1E54200C73A4E /* Info.plist */ = {isa = PBXFileReference; lastKnownFileType = text.plist.xml; path = Info.plist; sourceTree = "<group>"; };
		EE78433E19F1E54200C73A4E /* main.m */ = {isa = PBXFileReference; lastKnownFileType = sourcecode.c.objc; path = main.m; sourceTree = "<group>"; };
		EE78434019F1E54200C73A4E /* AppDelegate.h */ = {isa = PBXFileReference; lastKnownFileType = sourcecode.c.h; path = AppDelegate.h; sourceTree = "<group>"; };
		EE78434119F1E54200C73A4E /* AppDelegate.m */ = {isa = PBXFileReference; lastKnownFileType = sourcecode.c.objc; path = AppDelegate.m; sourceTree = "<group>"; };
		EE78434719F1E54200C73A4E /* Base */ = {isa = PBXFileReference; lastKnownFileType = file.storyboard; name = Base; path = Base.lproj/Main.storyboard; sourceTree = "<group>"; };
		EE78434919F1E54200C73A4E /* Images.xcassets */ = {isa = PBXFileReference; lastKnownFileType = folder.assetcatalog; path = Images.xcassets; sourceTree = "<group>"; };
		EE78434C19F1E54200C73A4E /* Base */ = {isa = PBXFileReference; lastKnownFileType = file.xib; name = Base; path = Base.lproj/LaunchScreen.xib; sourceTree = "<group>"; };
		EE78435219F1E54200C73A4E /* t3_mob_uagTests.xctest */ = {isa = PBXFileReference; explicitFileType = wrapper.cfbundle; includeInIndex = 0; path = t3_mob_uagTests.xctest; sourceTree = BUILT_PRODUCTS_DIR; };
		EE78435719F1E54200C73A4E /* Info.plist */ = {isa = PBXFileReference; lastKnownFileType = text.plist.xml; path = Info.plist; sourceTree = "<group>"; };
		EE78435819F1E54200C73A4E /* t3_mob_uagTests.m */ = {isa = PBXFileReference; lastKnownFileType = sourcecode.c.objc; path = t3_mob_uagTests.m; sourceTree = "<group>"; };
		EE78436A19F1EFB200C73A4E /* table@2x.png */ = {isa = PBXFileReference; lastKnownFileType = image.png; path = "table@2x.png"; sourceTree = "<group>"; };
		EE78436C19F1F08600C73A4E /* calendar@2x.png */ = {isa = PBXFileReference; lastKnownFileType = image.png; path = "calendar@2x.png"; sourceTree = "<group>"; };
		EE78436E19F1F19B00C73A4E /* todo@2x.png */ = {isa = PBXFileReference; lastKnownFileType = image.png; path = "todo@2x.png"; sourceTree = "<group>"; };
		EE78437019F1F29500C73A4E /* TableViewCell1.h */ = {isa = PBXFileReference; fileEncoding = 4; lastKnownFileType = sourcecode.c.h; name = TableViewCell1.h; path = ../TableViewCell1.h; sourceTree = "<group>"; };
		EE78437119F1F29500C73A4E /* TableViewCell1.m */ = {isa = PBXFileReference; fileEncoding = 4; lastKnownFileType = sourcecode.c.objc; name = TableViewCell1.m; path = ../TableViewCell1.m; sourceTree = "<group>"; };
		EE78437319F1F2F700C73A4E /* ViewControllerTable.h */ = {isa = PBXFileReference; fileEncoding = 4; lastKnownFileType = sourcecode.c.h; path = ViewControllerTable.h; sourceTree = "<group>"; };
		EE78437419F1F2F700C73A4E /* ViewControllerTable.m */ = {isa = PBXFileReference; fileEncoding = 4; lastKnownFileType = sourcecode.c.objc; path = ViewControllerTable.m; sourceTree = "<group>"; };
		EE78437819F1F77800C73A4E /* share.png */ = {isa = PBXFileReference; lastKnownFileType = image.png; path = share.png; sourceTree = "<group>"; };
		EE78437A19F1F84300C73A4E /* share30.png */ = {isa = PBXFileReference; lastKnownFileType = image.png; path = share30.png; sourceTree = "<group>"; };
		EE78437C19F2074000C73A4E /* dwarves.jpg */ = {isa = PBXFileReference; lastKnownFileType = image.jpeg; path = dwarves.jpg; sourceTree = "<group>"; };
		EEF9E8C919F22D7F00A09C7D /* Thorin.jpeg */ = {isa = PBXFileReference; lastKnownFileType = image.jpeg; path = Thorin.jpeg; sourceTree = "<group>"; };
		EEF9E8CA19F22D7F00A09C7D /* Gloin.jpeg */ = {isa = PBXFileReference; lastKnownFileType = image.jpeg; path = Gloin.jpeg; sourceTree = "<group>"; };
		EEF9E8CB19F22D7F00A09C7D /* Bombur.jpeg */ = {isa = PBXFileReference; lastKnownFileType = image.jpeg; path = Bombur.jpeg; sourceTree = "<group>"; };
		EEF9E8CC19F22D7F00A09C7D /* Bofur.jpeg */ = {isa = PBXFileReference; lastKnownFileType = image.jpeg; path = Bofur.jpeg; sourceTree = "<group>"; };
		EEF9E8CD19F22D7F00A09C7D /* Bifur.jpeg */ = {isa = PBXFileReference; lastKnownFileType = image.jpeg; path = Bifur.jpeg; sourceTree = "<group>"; };
		EEF9E8CE19F22D7F00A09C7D /* Nori.jpeg */ = {isa = PBXFileReference; lastKnownFileType = image.jpeg; path = Nori.jpeg; sourceTree = "<group>"; };
		EEF9E8CF19F22D7F00A09C7D /* Dori.jpeg */ = {isa = PBXFileReference; lastKnownFileType = image.jpeg; path = Dori.jpeg; sourceTree = "<group>"; };
		EEF9E8D019F22D7F00A09C7D /* Ori.jpeg */ = {isa = PBXFileReference; lastKnownFileType = image.jpeg; path = Ori.jpeg; sourceTree = "<group>"; };
		EEF9E8D119F22D7F00A09C7D /* Oin.jpeg */ = {isa = PBXFileReference; lastKnownFileType = image.jpeg; path = Oin.jpeg; sourceTree = "<group>"; };
		EEF9E8D219F22D7F00A09C7D /* Dwalin.jpeg */ = {isa = PBXFileReference; lastKnownFileType = image.jpeg; path = Dwalin.jpeg; sourceTree = "<group>"; };
		EEF9E8D319F22D7F00A09C7D /* Balin.jpeg */ = {isa = PBXFileReference; lastKnownFileType = image.jpeg; path = Balin.jpeg; sourceTree = "<group>"; };
		EEF9E8D419F22D7F00A09C7D /* Kili.jpeg */ = {isa = PBXFileReference; lastKnownFileType = image.jpeg; path = Kili.jpeg; sourceTree = "<group>"; };
		EEF9E8D519F22D7F00A09C7D /* Fili.jpeg */ = {isa = PBXFileReference; lastKnownFileType = image.jpeg; path = Fili.jpeg; sourceTree = "<group>"; };
		EEF9E8E319F233E300A09C7D /* PickerViewController.h */ = {isa = PBXFileReference; fileEncoding = 4; lastKnownFileType = sourcecode.c.h; path = PickerViewController.h; sourceTree = "<group>"; };
		EEF9E8E419F233E300A09C7D /* PickerViewController.m */ = {isa = PBXFileReference; fileEncoding = 4; lastKnownFileType = sourcecode.c.objc; path = PickerViewController.m; sourceTree = "<group>"; };
		EEF9E8E619F237E500A09C7D /* see.png */ = {isa = PBXFileReference; lastKnownFileType = image.png; path = see.png; sourceTree = "<group>"; };
		EEF9E8E819F241AD00A09C7D /* avion.jpg */ = {isa = PBXFileReference; lastKnownFileType = image.jpeg; path = avion.jpg; sourceTree = "<group>"; };
		EEF9E8EA19F243EF00A09C7D /* DatePickerViewController.h */ = {isa = PBXFileReference; fileEncoding = 4; lastKnownFileType = sourcecode.c.h; path = DatePickerViewController.h; sourceTree = "<group>"; };
		EEF9E8EB19F243EF00A09C7D /* DatePickerViewController.m */ = {isa = PBXFileReference; fileEncoding = 4; lastKnownFileType = sourcecode.c.objc; path = DatePickerViewController.m; sourceTree = "<group>"; };
/* End PBXFileReference section */

/* Begin PBXFrameworksBuildPhase section */
		EE78433619F1E54200C73A4E /* Frameworks */ = {
			isa = PBXFrameworksBuildPhase;
			buildActionMask = 2147483647;
			files = (
			);
			runOnlyForDeploymentPostprocessing = 0;
		};
		EE78434F19F1E54200C73A4E /* Frameworks */ = {
			isa = PBXFrameworksBuildPhase;
			buildActionMask = 2147483647;
			files = (
			);
			runOnlyForDeploymentPostprocessing = 0;
		};
/* End PBXFrameworksBuildPhase section */

/* Begin PBXGroup section */
		EE78433019F1E54200C73A4E = {
			isa = PBXGroup;
			children = (
				EE78433B19F1E54200C73A4E /* t3_mob_uag */,
				EE78435519F1E54200C73A4E /* t3_mob_uagTests */,
				EE78433A19F1E54200C73A4E /* Products */,
			);
			sourceTree = "<group>";
		};
		EE78433A19F1E54200C73A4E /* Products */ = {
			isa = PBXGroup;
			children = (
				EE78433919F1E54200C73A4E /* t3_mob_uag.app */,
				EE78435219F1E54200C73A4E /* t3_mob_uagTests.xctest */,
			);
			name = Products;
			sourceTree = "<group>";
		};
		EE78433B19F1E54200C73A4E /* t3_mob_uag */ = {
			isa = PBXGroup;
			children = (
				EE78437019F1F29500C73A4E /* TableViewCell1.h */,
				EE78437119F1F29500C73A4E /* TableViewCell1.m */,
				EE78437319F1F2F700C73A4E /* ViewControllerTable.h */,
				EE78437419F1F2F700C73A4E /* ViewControllerTable.m */,
				EEF9E8E319F233E300A09C7D /* PickerViewController.h */,
				EEF9E8E419F233E300A09C7D /* PickerViewController.m */,
				EEF9E8EA19F243EF00A09C7D /* DatePickerViewController.h */,
				EEF9E8EB19F243EF00A09C7D /* DatePickerViewController.m */,
				EE78434019F1E54200C73A4E /* AppDelegate.h */,
				EE78434119F1E54200C73A4E /* AppDelegate.m */,
				EE78434619F1E54200C73A4E /* Main.storyboard */,
				EE78434919F1E54200C73A4E /* Images.xcassets */,
				EE78434B19F1E54200C73A4E /* LaunchScreen.xib */,
				EE78433C19F1E54200C73A4E /* Supporting Files */,
			);
			path = t3_mob_uag;
			sourceTree = "<group>";
		};
		EE78433C19F1E54200C73A4E /* Supporting Files */ = {
			isa = PBXGroup;
			children = (
				EEF9E8E819F241AD00A09C7D /* avion.jpg */,
				EEF9E8E619F237E500A09C7D /* see.png */,
				EEF9E8C919F22D7F00A09C7D /* Thorin.jpeg */,
				EEF9E8CA19F22D7F00A09C7D /* Gloin.jpeg */,
				EEF9E8CB19F22D7F00A09C7D /* Bombur.jpeg */,
				EEF9E8CC19F22D7F00A09C7D /* Bofur.jpeg */,
				EEF9E8CD19F22D7F00A09C7D /* Bifur.jpeg */,
				EEF9E8CE19F22D7F00A09C7D /* Nori.jpeg */,
				EEF9E8CF19F22D7F00A09C7D /* Dori.jpeg */,
				EEF9E8D019F22D7F00A09C7D /* Ori.jpeg */,
				EEF9E8D119F22D7F00A09C7D /* Oin.jpeg */,
				EEF9E8D219F22D7F00A09C7D /* Dwalin.jpeg */,
				EEF9E8D319F22D7F00A09C7D /* Balin.jpeg */,
				EEF9E8D419F22D7F00A09C7D /* Kili.jpeg */,
				EEF9E8D519F22D7F00A09C7D /* Fili.jpeg */,
				EE78437C19F2074000C73A4E /* dwarves.jpg */,
				EE78437A19F1F84300C73A4E /* share30.png */,
				EE78437819F1F77800C73A4E /* share.png */,
				EE78436E19F1F19B00C73A4E /* todo@2x.png */,
				EE78436C19F1F08600C73A4E /* calendar@2x.png */,
				EE78436A19F1EFB200C73A4E /* table@2x.png */,
				EE78433D19F1E54200C73A4E /* Info.plist */,
				EE78433E19F1E54200C73A4E /* main.m */,
			);
			name = "Supporting Files";
			sourceTree = "<group>";
		};
		EE78435519F1E54200C73A4E /* t3_mob_uagTests */ = {
			isa = PBXGroup;
			children = (
				EE78435819F1E54200C73A4E /* t3_mob_uagTests.m */,
				EE78435619F1E54200C73A4E /* Supporting Files */,
			);
			path = t3_mob_uagTests;
			sourceTree = "<group>";
		};
		EE78435619F1E54200C73A4E /* Supporting Files */ = {
			isa = PBXGroup;
			children = (
				EE78435719F1E54200C73A4E /* Info.plist */,
			);
			name = "Supporting Files";
			sourceTree = "<group>";
		};
/* End PBXGroup section */

/* Begin PBXNativeTarget section */
		EE78433819F1E54200C73A4E /* t3_mob_uag */ = {
			isa = PBXNativeTarget;
			buildConfigurationList = EE78435C19F1E54200C73A4E /* Build configuration list for PBXNativeTarget "t3_mob_uag" */;
			buildPhases = (
				EE78433519F1E54200C73A4E /* Sources */,
				EE78433619F1E54200C73A4E /* Frameworks */,
				EE78433719F1E54200C73A4E /* Resources */,
			);
			buildRules = (
			);
			dependencies = (
			);
			name = t3_mob_uag;
			productName = t3_mob_uag;
			productReference = EE78433919F1E54200C73A4E /* t3_mob_uag.app */;
			productType = "com.apple.product-type.application";
		};
		EE78435119F1E54200C73A4E /* t3_mob_uagTests */ = {
			isa = PBXNativeTarget;
			buildConfigurationList = EE78435F19F1E54200C73A4E /* Build configuration list for PBXNativeTarget "t3_mob_uagTests" */;
			buildPhases = (
				EE78434E19F1E54200C73A4E /* Sources */,
				EE78434F19F1E54200C73A4E /* Frameworks */,
				EE78435019F1E54200C73A4E /* Resources */,
			);
			buildRules = (
			);
			dependencies = (
				EE78435419F1E54200C73A4E /* PBXTargetDependency */,
			);
			name = t3_mob_uagTests;
			productName = t3_mob_uagTests;
			productReference = EE78435219F1E54200C73A4E /* t3_mob_uagTests.xctest */;
			productType = "com.apple.product-type.bundle.unit-test";
		};
/* End PBXNativeTarget section */

/* Begin PBXProject section */
		EE78433119F1E54200C73A4E /* Project object */ = {
			isa = PBXProject;
			attributes = {
				LastUpgradeCheck = 0600;
				ORGANIZATIONNAME = Personal;
				TargetAttributes = {
					EE78433819F1E54200C73A4E = {
						CreatedOnToolsVersion = 6.0.1;
					};
					EE78435119F1E54200C73A4E = {
						CreatedOnToolsVersion = 6.0.1;
						TestTargetID = EE78433819F1E54200C73A4E;
					};
				};
			};
			buildConfigurationList = EE78433419F1E54200C73A4E /* Build configuration list for PBXProject "t3_mob_uag" */;
			compatibilityVersion = "Xcode 3.2";
			developmentRegion = English;
			hasScannedForEncodings = 0;
			knownRegions = (
				en,
				Base,
			);
			mainGroup = EE78433019F1E54200C73A4E;
			productRefGroup = EE78433A19F1E54200C73A4E /* Products */;
			projectDirPath = "";
			projectRoot = "";
			targets = (
				EE78433819F1E54200C73A4E /* t3_mob_uag */,
				EE78435119F1E54200C73A4E /* t3_mob_uagTests */,
			);
		};
/* End PBXProject section */

/* Begin PBXResourcesBuildPhase section */
		EE78433719F1E54200C73A4E /* Resources */ = {
			isa = PBXResourcesBuildPhase;
			buildActionMask = 2147483647;
			files = (
				EEF9E8DA19F22D7F00A09C7D /* Bifur.jpeg in Resources */,
				EEF9E8DB19F22D7F00A09C7D /* Nori.jpeg in Resources */,
				EE78434819F1E54200C73A4E /* Main.storyboard in Resources */,
				EEF9E8DF19F22D7F00A09C7D /* Dwalin.jpeg in Resources */,
				EE78436B19F1EFB200C73A4E /* table@2x.png in Resources */,
				EEF9E8E719F237E500A09C7D /* see.png in Resources */,
				EE78437D19F2074000C73A4E /* dwarves.jpg in Resources */,
				EE78434D19F1E54200C73A4E /* LaunchScreen.xib in Resources */,
				EEF9E8DE19F22D7F00A09C7D /* Oin.jpeg in Resources */,
				EEF9E8D919F22D7F00A09C7D /* Bofur.jpeg in Resources */,
				EE78434A19F1E54200C73A4E /* Images.xcassets in Resources */,
				EEF9E8D619F22D7F00A09C7D /* Thorin.jpeg in Resources */,
				EEF9E8E119F22D7F00A09C7D /* Kili.jpeg in Resources */,
				EEF9E8E919F241AD00A09C7D /* avion.jpg in Resources */,
				EE78437B19F1F84300C73A4E /* share30.png in Resources */,
				EEF9E8E019F22D7F00A09C7D /* Balin.jpeg in Resources */,
				EE78436F19F1F19B00C73A4E /* todo@2x.png in Resources */,
				EEF9E8DC19F22D7F00A09C7D /* Dori.jpeg in Resources */,
				EE78436D19F1F08600C73A4E /* calendar@2x.png in Resources */,
				EEF9E8D719F22D7F00A09C7D /* Gloin.jpeg in Resources */,
				EEF9E8DD19F22D7F00A09C7D /* Ori.jpeg in Resources */,
				EEF9E8D819F22D7F00A09C7D /* Bombur.jpeg in Resources */,
				EE78437919F1F77800C73A4E /* share.png in Resources */,
				EEF9E8E219F22D7F00A09C7D /* Fili.jpeg in Resources */,
			);
			runOnlyForDeploymentPostprocessing = 0;
		};
		EE78435019F1E54200C73A4E /* Resources */ = {
			isa = PBXResourcesBuildPhase;
			buildActionMask = 2147483647;
			files = (
			);
			runOnlyForDeploymentPostprocessing = 0;
		};
/* End PBXResourcesBuildPhase section */

/* Begin PBXSourcesBuildPhase section */
		EE78433519F1E54200C73A4E /* Sources */ = {
			isa = PBXSourcesBuildPhase;
			buildActionMask = 2147483647;
			files = (
				EE78434219F1E54200C73A4E /* AppDelegate.m in Sources */,
				EE78433F19F1E54200C73A4E /* main.m in Sources */,
				EEF9E8E519F233E300A09C7D /* PickerViewController.m in Sources */,
				EE78437519F1F2F700C73A4E /* ViewControllerTable.m in Sources */,
				EEF9E8EC19F243EF00A09C7D /* DatePickerViewController.m in Sources */,
				EE78437219F1F29500C73A4E /* TableViewCell1.m in Sources */,
			);
			runOnlyForDeploymentPostprocessing = 0;
		};
		EE78434E19F1E54200C73A4E /* Sources */ = {
			isa = PBXSourcesBuildPhase;
			buildActionMask = 2147483647;
			files = (
				EE78435919F1E54200C73A4E /* t3_mob_uagTests.m in Sources */,
			);
			runOnlyForDeploymentPostprocessing = 0;
		};
/* End PBXSourcesBuildPhase section */

/* Begin PBXTargetDependency section */
		EE78435419F1E54200C73A4E /* PBXTargetDependency */ = {
			isa = PBXTargetDependency;
			target = EE78433819F1E54200C73A4E /* t3_mob_uag */;
			targetProxy = EE78435319F1E54200C73A4E /* PBXContainerItemProxy */;
		};
/* End PBXTargetDependency section */

/* Begin PBXVariantGroup section */
		EE78434619F1E54200C73A4E /* Main.storyboard */ = {
			isa = PBXVariantGroup;
			children = (
				EE78434719F1E54200C73A4E /* Base */,
			);
			name = Main.storyboard;
			sourceTree = "<group>";
		};
		EE78434B19F1E54200C73A4E /* LaunchScreen.xib */ = {
			isa = PBXVariantGroup;
			children = (
				EE78434C19F1E54200C73A4E /* Base */,
			);
			name = LaunchScreen.xib;
			sourceTree = "<group>";
		};
/* End PBXVariantGroup section */

/* Begin XCBuildConfiguration section */
		EE78435A19F1E54200C73A4E /* Debug */ = {
			isa = XCBuildConfiguration;
			buildSettings = {
				ALWAYS_SEARCH_USER_PATHS = NO;
				CLANG_CXX_LANGUAGE_STANDARD = "gnu++0x";
				CLANG_CXX_LIBRARY = "libc++";
				CLANG_ENABLE_MODULES = YES;
				CLANG_ENABLE_OBJC_ARC = YES;
				CLANG_WARN_BOOL_CONVERSION = YES;
				CLANG_WARN_CONSTANT_CONVERSION = YES;
				CLANG_WARN_DIRECT_OBJC_ISA_USAGE = YES_ERROR;
				CLANG_WARN_EMPTY_BODY = YES;
				CLANG_WARN_ENUM_CONVERSION = YES;
				CLANG_WARN_INT_CONVERSION = YES;
				CLANG_WARN_OBJC_ROOT_CLASS = YES_ERROR;
				CLANG_WARN_UNREACHABLE_CODE = YES;
				CLANG_WARN__DUPLICATE_METHOD_MATCH = YES;
				"CODE_SIGN_IDENTITY[sdk=iphoneos*]" = "iPhone Developer";
				COPY_PHASE_STRIP = NO;
				ENABLE_STRICT_OBJC_MSGSEND = YES;
				GCC_C_LANGUAGE_STANDARD = gnu99;
				GCC_DYNAMIC_NO_PIC = NO;
				GCC_OPTIMIZATION_LEVEL = 0;
				GCC_PREPROCESSOR_DEFINITIONS = (
					"DEBUG=1",
					"$(inherited)",
				);
				GCC_SYMBOLS_PRIVATE_EXTERN = NO;
				GCC_WARN_64_TO_32_BIT_CONVERSION = YES;
				GCC_WARN_ABOUT_RETURN_TYPE = YES_ERROR;
				GCC_WARN_UNDECLARED_SELECTOR = YES;
				GCC_WARN_UNINITIALIZED_AUTOS = YES_AGGRESSIVE;
				GCC_WARN_UNUSED_FUNCTION = YES;
				GCC_WARN_UNUSED_VARIABLE = YES;
				IPHONEOS_DEPLOYMENT_TARGET = 8.0;
				MTL_ENABLE_DEBUG_INFO = YES;
				ONLY_ACTIVE_ARCH = YES;
				SDKROOT = iphoneos;
			};
			name = Debug;
		};
		EE78435B19F1E54200C73A4E /* Release */ = {
			isa = XCBuildConfiguration;
			buildSettings = {
				ALWAYS_SEARCH_USER_PATHS = NO;
				CLANG_CXX_LANGUAGE_STANDARD = "gnu++0x";
				CLANG_CXX_LIBRARY = "libc++";
				CLANG_ENABLE_MODULES = YES;
				CLANG_ENABLE_OBJC_ARC = YES;
				CLANG_WARN_BOOL_CONVERSION = YES;
				CLANG_WARN_CONSTANT_CONVERSION = YES;
				CLANG_WARN_DIRECT_OBJC_ISA_USAGE = YES_ERROR;
				CLANG_WARN_EMPTY_BODY = YES;
				CLANG_WARN_ENUM_CONVERSION = YES;
				CLANG_WARN_INT_CONVERSION = YES;
				CLANG_WARN_OBJC_ROOT_CLASS = YES_ERROR;
				CLANG_WARN_UNREACHABLE_CODE = YES;
				CLANG_WARN__DUPLICATE_METHOD_MATCH = YES;
				"CODE_SIGN_IDENTITY[sdk=iphoneos*]" = "iPhone Developer";
				COPY_PHASE_STRIP = YES;
				ENABLE_NS_ASSERTIONS = NO;
				ENABLE_STRICT_OBJC_MSGSEND = YES;
				GCC_C_LANGUAGE_STANDARD = gnu99;
				GCC_WARN_64_TO_32_BIT_CONVERSION = YES;
				GCC_WARN_ABOUT_RETURN_TYPE = YES_ERROR;
				GCC_WARN_UNDECLARED_SELECTOR = YES;
				GCC_WARN_UNINITIALIZED_AUTOS = YES_AGGRESSIVE;
				GCC_WARN_UNUSED_FUNCTION = YES;
				GCC_WARN_UNUSED_VARIABLE = YES;
				IPHONEOS_DEPLOYMENT_TARGET = 8.0;
				MTL_ENABLE_DEBUG_INFO = NO;
				SDKROOT = iphoneos;
				VALIDATE_PRODUCT = YES;
			};
			name = Release;
		};
		EE78435D19F1E54200C73A4E /* Debug */ = {
			isa = XCBuildConfiguration;
			buildSettings = {
				ASSETCATALOG_COMPILER_APPICON_NAME = AppIcon;
				INFOPLIST_FILE = t3_mob_uag/Info.plist;
				IPHONEOS_DEPLOYMENT_TARGET = 7.1;
				LD_RUNPATH_SEARCH_PATHS = "$(inherited) @executable_path/Frameworks";
				PRODUCT_NAME = "$(TARGET_NAME)";
			};
			name = Debug;
		};
		EE78435E19F1E54200C73A4E /* Release */ = {
			isa = XCBuildConfiguration;
			buildSettings = {
				ASSETCATALOG_COMPILER_APPICON_NAME = AppIcon;
				INFOPLIST_FILE = t3_mob_uag/Info.plist;
				IPHONEOS_DEPLOYMENT_TARGET = 7.1;
				LD_RUNPATH_SEARCH_PATHS = "$(inherited) @executable_path/Frameworks";
				PRODUCT_NAME = "$(TARGET_NAME)";
			};
			name = Release;
		};
		EE78436019F1E54200C73A4E /* Debug */ = {
			isa = XCBuildConfiguration;
			buildSettings = {
				BUNDLE_LOADER = "$(TEST_HOST)";
				FRAMEWORK_SEARCH_PATHS = (
					"$(SDKROOT)/Developer/Library/Frameworks",
					"$(inherited)",
				);
				GCC_PREPROCESSOR_DEFINITIONS = (
					"DEBUG=1",
					"$(inherited)",
				);
				INFOPLIST_FILE = t3_mob_uagTests/Info.plist;
				LD_RUNPATH_SEARCH_PATHS = "$(inherited) @executable_path/Frameworks @loader_path/Frameworks";
				PRODUCT_NAME = "$(TARGET_NAME)";
				TEST_HOST = "$(BUILT_PRODUCTS_DIR)/t3_mob_uag.app/t3_mob_uag";
			};
			name = Debug;
		};
		EE78436119F1E54200C73A4E /* Release */ = {
			isa = XCBuildConfiguration;
			buildSettings = {
				BUNDLE_LOADER = "$(TEST_HOST)";
				FRAMEWORK_SEARCH_PATHS = (
					"$(SDKROOT)/Developer/Library/Frameworks",
					"$(inherited)",
				);
				INFOPLIST_FILE = t3_mob_uagTests/Info.plist;
				LD_RUNPATH_SEARCH_PATHS = "$(inherited) @executable_path/Frameworks @loader_path/Frameworks";
				PRODUCT_NAME = "$(TARGET_NAME)";
				TEST_HOST = "$(BUILT_PRODUCTS_DIR)/t3_mob_uag.app/t3_mob_uag";
			};
			name = Release;
		};
/* End XCBuildConfiguration section */

/* Begin XCConfigurationList section */
		EE78433419F1E54200C73A4E /* Build configuration list for PBXProject "t3_mob_uag" */ = {
			isa = XCConfigurationList;
			buildConfigurations = (
				EE78435A19F1E54200C73A4E /* Debug */,
				EE78435B19F1E54200C73A4E /* Release */,
			);
			defaultConfigurationIsVisible = 0;
			defaultConfigurationName = Release;
		};
		EE78435C19F1E54200C73A4E /* Build configuration list for PBXNativeTarget "t3_mob_uag" */ = {
			isa = XCConfigurationList;
			buildConfigurations = (
				EE78435D19F1E54200C73A4E /* Debug */,
				EE78435E19F1E54200C73A4E /* Release */,
			);
			defaultConfigurationIsVisible = 0;
			defaultConfigurationName = Release;
		};
		EE78435F19F1E54200C73A4E /* Build configuration list for PBXNativeTarget "t3_mob_uagTests" */ = {
			isa = XCConfigurationList;
			buildConfigurations = (
				EE78436019F1E54200C73A4E /* Debug */,
				EE78436119F1E54200C73A4E /* Release */,
			);
			defaultConfigurationIsVisible = 0;
			defaultConfigurationName = Release;
		};
/* End XCConfigurationList section */
	};
	rootObject = EE78433119F1E54200C73A4E /* Project object */;
}
